
Microsoft Visual Studio Solution File, Format Version 12.00
# Visual Studio 2013
VisualStudioVersion = 12.0.31101.0
MinimumVisualStudioVersion = 10.0.40219.1
Project("{FAE04EC0-301F-11D3-BF4B-00C04F79EFBC}") = "RailsSharp.Web", "RailsSharp.Web\RailsSharp.Web.csproj", "{E2456D24-1962-41BA-91E9-3ED3EDF5F32F}"
EndProject
Project("{FAE04EC0-301F-11D3-BF4B-00C04F79EFBC}") = "RailsSharp.Backend", "RailsSharp.Backend\RailsSharp.Backend.csproj", "{558018CB-0782-4005-B79F-EF40E14884DD}"
EndProject
Project("{2150E333-8FDC-42A3-9474-1A3956D46DE8}") = ".nuget", ".nuget", "{98821850-2F0A-4BDD-91D8-060BD5105760}"
	ProjectSection(SolutionItems) = preProject
		.nuget\NuGet.Config = .nuget\NuGet.Config
		.nuget\NuGet.exe = .nuget\NuGet.exe
		.nuget\NuGet.targets = .nuget\NuGet.targets
	EndProjectSection
EndProject
Global
	GlobalSection(SolutionConfigurationPlatforms) = preSolution
		Debug|Any CPU = Debug|Any CPU
		Release|Any CPU = Release|Any CPU
	EndGlobalSection
	GlobalSection(ProjectConfigurationPlatforms) = postSolution
		{E2456D24-1962-41BA-91E9-3ED3EDF5F32F}.Debug|Any CPU.ActiveCfg = Debug|Any CPU
		{E2456D24-1962-41BA-91E9-3ED3EDF5F32F}.Debug|Any CPU.Build.0 = Debug|Any CPU
		{E2456D24-1962-41BA-91E9-3ED3EDF5F32F}.Release|Any CPU.ActiveCfg = Release|Any CPU
		{E2456D24-1962-41BA-91E9-3ED3EDF5F32F}.Release|Any CPU.Build.0 = Release|Any CPU
		{558018CB-0782-4005-B79F-EF40E14884DD}.Debug|Any CPU.ActiveCfg = Debug|Any CPU
		{558018CB-0782-4005-B79F-EF40E14884DD}.Debug|Any CPU.Build.0 = Debug|Any CPU
		{558018CB-0782-4005-B79F-EF40E14884DD}.Release|Any CPU.ActiveCfg = Release|Any CPU
		{558018CB-0782-4005-B79F-EF40E14884DD}.Release|Any CPU.Build.0 = Release|Any CPU
	EndGlobalSection
	GlobalSection(SolutionProperties) = preSolution
		HideSolutionNode = FALSE
	EndGlobalSection
EndGlobal
